
Microsoft Visual Studio Solution File, Format Version 12.00
Project("{FAE04EC0-301F-11D3-BF4B-00C04F79EFBC}") = "EmpireOfSteel", "EmpireOfSteel\EmpireOfSteel.csproj", "{5B21785B-59FE-43E1-A0A6-7063F469AE82}"
EndProject
Project("{FAE04EC0-301F-11D3-BF4B-00C04F79EFBC}") = "Common", "Common\Common.csproj", "{9D9FC86A-7196-45DD-A726-E1AC557BECB5}"
EndProject
Project("{FAE04EC0-301F-11D3-BF4B-00C04F79EFBC}") = "LibScePad", "LibScePad\LibScePad.csproj", "{C640BC73-08B8-4EC7-BB4D-A14EB34025EA}"
EndProject
Project("{FAE04EC0-301F-11D3-BF4B-00C04F79EFBC}") = "LibSceNetCtl", "LibSceNetCtl\LibSceNetCtl.csproj", "{41042DA8-84CF-48D2-A9B3-5345E025CE52}"
EndProject
Project("{FAE04EC0-301F-11D3-BF4B-00C04F79EFBC}") = "LibSceCommonDialog", "LibSceCommonDialog\LibSceCommonDialog.csproj", "{980A3D74-CD5D-4DF9-ADAB-18DAE7A9727D}"
EndProject
Project("{FAE04EC0-301F-11D3-BF4B-00C04F79EFBC}") = "LibSceSysmodule", "LibSceSysmodule\LibSceSysmodule.csproj", "{8B5977BF-14C6-4CE5-86EA-8A179BEBF7E6}"
EndProject
Project("{FAE04EC0-301F-11D3-BF4B-00C04F79EFBC}") = "LibSceHttp", "LibSceHttp\LibSceHttp.csproj", "{500A114E-F9F5-479E-BDAA-A5F019F8EFF5}"
EndProject
Project("{FAE04EC0-301F-11D3-BF4B-00C04F79EFBC}") = "LibSceNpCommerce", "LibSceNpCommerce\LibSceNpCommerce.csproj", "{65B4F16A-ABF0-4AA9-8D60-2582C25E2F27}"
EndProject
Project("{FAE04EC0-301F-11D3-BF4B-00C04F79EFBC}") = "LibSceNpTus", "LibSceNpTus\LibSceNpTus.csproj", "{AD8A4A44-E79F-4C71-AEBA-B10EBCC7DB43}"
EndProject
Project("{FAE04EC0-301F-11D3-BF4B-00C04F79EFBC}") = "Libc", "Libc\Libc.csproj", "{7CBE30EA-95E1-447B-8E38-64E1C4A228BB}"
EndProject
Project("{FAE04EC0-301F-11D3-BF4B-00C04F79EFBC}") = "LibSceSystemService", "LibSceSystemService\LibSceSystemService.csproj", "{060040EA-9709-425B-82CD-39C7EA2B3EB1}"
EndProject
Project("{FAE04EC0-301F-11D3-BF4B-00C04F79EFBC}") = "Libkernel", "Libkernel\Libkernel.csproj", "{116A897A-3E56-4900-8DED-3160586436AB}"
EndProject
Project("{FAE04EC0-301F-11D3-BF4B-00C04F79EFBC}") = "LibScePlayGoDialog", "LibScePlayGoDialog\LibScePlayGoDialog.csproj", "{9C81BC69-A685-4366-AF9F-39DC181DD1DE}"
EndProject
Project("{FAE04EC0-301F-11D3-BF4B-00C04F79EFBC}") = "LibSceImeDialog", "LibSceImeDialog\LibSceImeDialog.csproj", "{6F06986D-C637-4EE1-827D-FCF868F50D7C}"
EndProject
Project("{FAE04EC0-301F-11D3-BF4B-00C04F79EFBC}") = "LibSceSaveDataDialog", "LibSceSaveDataDialog\LibSceSaveDataDialog.csproj", "{77CF7A41-AB48-4C13-916C-45CEA7DF0244}"
EndProject
Project("{FAE04EC0-301F-11D3-BF4B-00C04F79EFBC}") = "LibSceNpTrophy", "LibSceNpTrophy\LibSceNpTrophy.csproj", "{8CE58278-84AD-4C47-8AD4-3473047CBDAE}"
EndProject
Project("{FAE04EC0-301F-11D3-BF4B-00C04F79EFBC}") = "LibSceSaveData", "LibSceSaveData\LibSceSaveData.csproj", "{44DBB79B-CEF7-4D1C-8837-93F3423FF756}"
EndProject
Project("{FAE04EC0-301F-11D3-BF4B-00C04F79EFBC}") = "LibSceNpManager", "LibSceNpManager\LibSceNpManager.csproj", "{19E2299A-3C48-43DD-A055-8440762BA3F9}"
EndProject
Project("{FAE04EC0-301F-11D3-BF4B-00C04F79EFBC}") = "LibSceVideoOut", "LibSceVideoOut\LibSceVideoOut.csproj", "{0C7BD77B-F4AF-4526-850F-B1BDCD2A91EC}"
EndProject
Project("{FAE04EC0-301F-11D3-BF4B-00C04F79EFBC}") = "LibSceAjm", "LibSceAjm\LibSceAjm.csproj", "{B97F197F-5FE3-4223-A5E8-D6DA660380E4}"
EndProject
Project("{FAE04EC0-301F-11D3-BF4B-00C04F79EFBC}") = "LibSceSsl", "LibSceSsl\LibSceSsl.csproj", "{0323E5B2-9DBA-49A5-A5DE-3A0466DCC2A4}"
EndProject
Project("{FAE04EC0-301F-11D3-BF4B-00C04F79EFBC}") = "LibSceAppContentUtil", "LibSceAppContentUtil\LibSceAppContentUtil.csproj", "{BF430FBF-E428-4D22-B683-23F0AC55F5D6}"
EndProject
Project("{FAE04EC0-301F-11D3-BF4B-00C04F79EFBC}") = "LibScePlayGo", "LibScePlayGo\LibScePlayGo.csproj", "{C539A367-86FC-46E2-8536-3B113D2CB151}"
EndProject
Project("{FAE04EC0-301F-11D3-BF4B-00C04F79EFBC}") = "LibSceMove", "LibSceMove\LibSceMove.csproj", "{D5123E73-BCB4-4660-8DA1-38A858F0ED91}"
EndProject
Project("{FAE04EC0-301F-11D3-BF4B-00C04F79EFBC}") = "LibSceGnmDriver", "LibSceGnmDriver\LibSceGnmDriver.csproj", "{D5D60C70-317D-440E-9892-79EAF9CECC42}"
EndProject
Project("{FAE04EC0-301F-11D3-BF4B-00C04F79EFBC}") = "LibSceAudioOut", "LibSceAudioOut\LibSceAudioOut.csproj", "{D01B404E-E02C-4F43-898A-B7FBB02D04CE}"
EndProject
Project("{FAE04EC0-301F-11D3-BF4B-00C04F79EFBC}") = "LibSceFios2", "LibSceFios2\LibSceFios2.csproj", "{321364F5-24E0-4BFE-B1D7-6A13C25DDD3E}"
EndProject
Project("{FAE04EC0-301F-11D3-BF4B-00C04F79EFBC}") = "LibSceRtc", "LibSceRtc\LibSceRtc.csproj", "{2B0C165E-6D6B-4D55-AA99-16AE9100ADFB}"
EndProject
Project("{FAE04EC0-301F-11D3-BF4B-00C04F79EFBC}") = "LibSceNet", "LibSceNet\LibSceNet.csproj", "{6F52A0B3-4602-465C-8D95-E4E6044E27C5}"
EndProject
Global
	GlobalSection(SolutionConfigurationPlatforms) = preSolution
		Debug|Any CPU = Debug|Any CPU
		Release|Any CPU = Release|Any CPU
	EndGlobalSection
	GlobalSection(ProjectConfigurationPlatforms) = postSolution
		{5B21785B-59FE-43E1-A0A6-7063F469AE82}.Debug|Any CPU.ActiveCfg = Debug|Any CPU
		{5B21785B-59FE-43E1-A0A6-7063F469AE82}.Debug|Any CPU.Build.0 = Debug|Any CPU
		{5B21785B-59FE-43E1-A0A6-7063F469AE82}.Release|Any CPU.ActiveCfg = Release|Any CPU
		{5B21785B-59FE-43E1-A0A6-7063F469AE82}.Release|Any CPU.Build.0 = Release|Any CPU
		{9D9FC86A-7196-45DD-A726-E1AC557BECB5}.Debug|Any CPU.ActiveCfg = Debug|Any CPU
		{9D9FC86A-7196-45DD-A726-E1AC557BECB5}.Debug|Any CPU.Build.0 = Debug|Any CPU
		{9D9FC86A-7196-45DD-A726-E1AC557BECB5}.Release|Any CPU.ActiveCfg = Release|Any CPU
		{9D9FC86A-7196-45DD-A726-E1AC557BECB5}.Release|Any CPU.Build.0 = Release|Any CPU
		{7CBE30EA-95E1-447B-8E38-64E1C4A228BB}.Debug|Any CPU.ActiveCfg = Debug|Any CPU
		{7CBE30EA-95E1-447B-8E38-64E1C4A228BB}.Debug|Any CPU.Build.0 = Debug|Any CPU
		{7CBE30EA-95E1-447B-8E38-64E1C4A228BB}.Release|Any CPU.ActiveCfg = Release|Any CPU
		{7CBE30EA-95E1-447B-8E38-64E1C4A228BB}.Release|Any CPU.Build.0 = Release|Any CPU
		{116A897A-3E56-4900-8DED-3160586436AB}.Debug|Any CPU.ActiveCfg = Debug|Any CPU
		{116A897A-3E56-4900-8DED-3160586436AB}.Debug|Any CPU.Build.0 = Debug|Any CPU
		{116A897A-3E56-4900-8DED-3160586436AB}.Release|Any CPU.ActiveCfg = Release|Any CPU
		{116A897A-3E56-4900-8DED-3160586436AB}.Release|Any CPU.Build.0 = Release|Any CPU
		{B97F197F-5FE3-4223-A5E8-D6DA660380E4}.Debug|Any CPU.ActiveCfg = Debug|Any CPU
		{B97F197F-5FE3-4223-A5E8-D6DA660380E4}.Debug|Any CPU.Build.0 = Debug|Any CPU
		{B97F197F-5FE3-4223-A5E8-D6DA660380E4}.Release|Any CPU.ActiveCfg = Release|Any CPU
		{B97F197F-5FE3-4223-A5E8-D6DA660380E4}.Release|Any CPU.Build.0 = Release|Any CPU
		{BF430FBF-E428-4D22-B683-23F0AC55F5D6}.Debug|Any CPU.ActiveCfg = Debug|Any CPU
		{BF430FBF-E428-4D22-B683-23F0AC55F5D6}.Debug|Any CPU.Build.0 = Debug|Any CPU
		{BF430FBF-E428-4D22-B683-23F0AC55F5D6}.Release|Any CPU.ActiveCfg = Release|Any CPU
		{BF430FBF-E428-4D22-B683-23F0AC55F5D6}.Release|Any CPU.Build.0 = Release|Any CPU
		{D01B404E-E02C-4F43-898A-B7FBB02D04CE}.Debug|Any CPU.ActiveCfg = Debug|Any CPU
		{D01B404E-E02C-4F43-898A-B7FBB02D04CE}.Debug|Any CPU.Build.0 = Debug|Any CPU
		{D01B404E-E02C-4F43-898A-B7FBB02D04CE}.Release|Any CPU.ActiveCfg = Release|Any CPU
		{D01B404E-E02C-4F43-898A-B7FBB02D04CE}.Release|Any CPU.Build.0 = Release|Any CPU
		{980A3D74-CD5D-4DF9-ADAB-18DAE7A9727D}.Debug|Any CPU.ActiveCfg = Debug|Any CPU
		{980A3D74-CD5D-4DF9-ADAB-18DAE7A9727D}.Debug|Any CPU.Build.0 = Debug|Any CPU
		{980A3D74-CD5D-4DF9-ADAB-18DAE7A9727D}.Release|Any CPU.ActiveCfg = Release|Any CPU
		{980A3D74-CD5D-4DF9-ADAB-18DAE7A9727D}.Release|Any CPU.Build.0 = Release|Any CPU
		{321364F5-24E0-4BFE-B1D7-6A13C25DDD3E}.Debug|Any CPU.ActiveCfg = Debug|Any CPU
		{321364F5-24E0-4BFE-B1D7-6A13C25DDD3E}.Debug|Any CPU.Build.0 = Debug|Any CPU
		{321364F5-24E0-4BFE-B1D7-6A13C25DDD3E}.Release|Any CPU.ActiveCfg = Release|Any CPU
		{321364F5-24E0-4BFE-B1D7-6A13C25DDD3E}.Release|Any CPU.Build.0 = Release|Any CPU
		{D5D60C70-317D-440E-9892-79EAF9CECC42}.Debug|Any CPU.ActiveCfg = Debug|Any CPU
		{D5D60C70-317D-440E-9892-79EAF9CECC42}.Debug|Any CPU.Build.0 = Debug|Any CPU
		{D5D60C70-317D-440E-9892-79EAF9CECC42}.Release|Any CPU.ActiveCfg = Release|Any CPU
		{D5D60C70-317D-440E-9892-79EAF9CECC42}.Release|Any CPU.Build.0 = Release|Any CPU
		{500A114E-F9F5-479E-BDAA-A5F019F8EFF5}.Debug|Any CPU.ActiveCfg = Debug|Any CPU
		{500A114E-F9F5-479E-BDAA-A5F019F8EFF5}.Debug|Any CPU.Build.0 = Debug|Any CPU
		{500A114E-F9F5-479E-BDAA-A5F019F8EFF5}.Release|Any CPU.ActiveCfg = Release|Any CPU
		{500A114E-F9F5-479E-BDAA-A5F019F8EFF5}.Release|Any CPU.Build.0 = Release|Any CPU
		{6F06986D-C637-4EE1-827D-FCF868F50D7C}.Debug|Any CPU.ActiveCfg = Debug|Any CPU
		{6F06986D-C637-4EE1-827D-FCF868F50D7C}.Debug|Any CPU.Build.0 = Debug|Any CPU
		{6F06986D-C637-4EE1-827D-FCF868F50D7C}.Release|Any CPU.ActiveCfg = Release|Any CPU
		{6F06986D-C637-4EE1-827D-FCF868F50D7C}.Release|Any CPU.Build.0 = Release|Any CPU
		{D5123E73-BCB4-4660-8DA1-38A858F0ED91}.Debug|Any CPU.ActiveCfg = Debug|Any CPU
		{D5123E73-BCB4-4660-8DA1-38A858F0ED91}.Debug|Any CPU.Build.0 = Debug|Any CPU
		{D5123E73-BCB4-4660-8DA1-38A858F0ED91}.Release|Any CPU.ActiveCfg = Release|Any CPU
		{D5123E73-BCB4-4660-8DA1-38A858F0ED91}.Release|Any CPU.Build.0 = Release|Any CPU
		{6F52A0B3-4602-465C-8D95-E4E6044E27C5}.Debug|Any CPU.ActiveCfg = Debug|Any CPU
		{6F52A0B3-4602-465C-8D95-E4E6044E27C5}.Debug|Any CPU.Build.0 = Debug|Any CPU
		{6F52A0B3-4602-465C-8D95-E4E6044E27C5}.Release|Any CPU.ActiveCfg = Release|Any CPU
		{6F52A0B3-4602-465C-8D95-E4E6044E27C5}.Release|Any CPU.Build.0 = Release|Any CPU
		{41042DA8-84CF-48D2-A9B3-5345E025CE52}.Debug|Any CPU.ActiveCfg = Debug|Any CPU
		{41042DA8-84CF-48D2-A9B3-5345E025CE52}.Debug|Any CPU.Build.0 = Debug|Any CPU
		{41042DA8-84CF-48D2-A9B3-5345E025CE52}.Release|Any CPU.ActiveCfg = Release|Any CPU
		{41042DA8-84CF-48D2-A9B3-5345E025CE52}.Release|Any CPU.Build.0 = Release|Any CPU
		{65B4F16A-ABF0-4AA9-8D60-2582C25E2F27}.Debug|Any CPU.ActiveCfg = Debug|Any CPU
		{65B4F16A-ABF0-4AA9-8D60-2582C25E2F27}.Debug|Any CPU.Build.0 = Debug|Any CPU
		{65B4F16A-ABF0-4AA9-8D60-2582C25E2F27}.Release|Any CPU.ActiveCfg = Release|Any CPU
		{65B4F16A-ABF0-4AA9-8D60-2582C25E2F27}.Release|Any CPU.Build.0 = Release|Any CPU
		{19E2299A-3C48-43DD-A055-8440762BA3F9}.Debug|Any CPU.ActiveCfg = Debug|Any CPU
		{19E2299A-3C48-43DD-A055-8440762BA3F9}.Debug|Any CPU.Build.0 = Debug|Any CPU
		{19E2299A-3C48-43DD-A055-8440762BA3F9}.Release|Any CPU.ActiveCfg = Release|Any CPU
		{19E2299A-3C48-43DD-A055-8440762BA3F9}.Release|Any CPU.Build.0 = Release|Any CPU
		{8CE58278-84AD-4C47-8AD4-3473047CBDAE}.Debug|Any CPU.ActiveCfg = Debug|Any CPU
		{8CE58278-84AD-4C47-8AD4-3473047CBDAE}.Debug|Any CPU.Build.0 = Debug|Any CPU
		{8CE58278-84AD-4C47-8AD4-3473047CBDAE}.Release|Any CPU.ActiveCfg = Release|Any CPU
		{8CE58278-84AD-4C47-8AD4-3473047CBDAE}.Release|Any CPU.Build.0 = Release|Any CPU
		{AD8A4A44-E79F-4C71-AEBA-B10EBCC7DB43}.Debug|Any CPU.ActiveCfg = Debug|Any CPU
		{AD8A4A44-E79F-4C71-AEBA-B10EBCC7DB43}.Debug|Any CPU.Build.0 = Debug|Any CPU
		{AD8A4A44-E79F-4C71-AEBA-B10EBCC7DB43}.Release|Any CPU.ActiveCfg = Release|Any CPU
		{AD8A4A44-E79F-4C71-AEBA-B10EBCC7DB43}.Release|Any CPU.Build.0 = Release|Any CPU
		{C640BC73-08B8-4EC7-BB4D-A14EB34025EA}.Debug|Any CPU.ActiveCfg = Debug|Any CPU
		{C640BC73-08B8-4EC7-BB4D-A14EB34025EA}.Debug|Any CPU.Build.0 = Debug|Any CPU
		{C640BC73-08B8-4EC7-BB4D-A14EB34025EA}.Release|Any CPU.ActiveCfg = Release|Any CPU
		{C640BC73-08B8-4EC7-BB4D-A14EB34025EA}.Release|Any CPU.Build.0 = Release|Any CPU
		{C539A367-86FC-46E2-8536-3B113D2CB151}.Debug|Any CPU.ActiveCfg = Debug|Any CPU
		{C539A367-86FC-46E2-8536-3B113D2CB151}.Debug|Any CPU.Build.0 = Debug|Any CPU
		{C539A367-86FC-46E2-8536-3B113D2CB151}.Release|Any CPU.ActiveCfg = Release|Any CPU
		{C539A367-86FC-46E2-8536-3B113D2CB151}.Release|Any CPU.Build.0 = Release|Any CPU
		{9C81BC69-A685-4366-AF9F-39DC181DD1DE}.Debug|Any CPU.ActiveCfg = Debug|Any CPU
		{9C81BC69-A685-4366-AF9F-39DC181DD1DE}.Debug|Any CPU.Build.0 = Debug|Any CPU
		{9C81BC69-A685-4366-AF9F-39DC181DD1DE}.Release|Any CPU.ActiveCfg = Release|Any CPU
		{9C81BC69-A685-4366-AF9F-39DC181DD1DE}.Release|Any CPU.Build.0 = Release|Any CPU
		{2B0C165E-6D6B-4D55-AA99-16AE9100ADFB}.Debug|Any CPU.ActiveCfg = Debug|Any CPU
		{2B0C165E-6D6B-4D55-AA99-16AE9100ADFB}.Debug|Any CPU.Build.0 = Debug|Any CPU
		{2B0C165E-6D6B-4D55-AA99-16AE9100ADFB}.Release|Any CPU.ActiveCfg = Release|Any CPU
		{2B0C165E-6D6B-4D55-AA99-16AE9100ADFB}.Release|Any CPU.Build.0 = Release|Any CPU
		{44DBB79B-CEF7-4D1C-8837-93F3423FF756}.Debug|Any CPU.ActiveCfg = Debug|Any CPU
		{44DBB79B-CEF7-4D1C-8837-93F3423FF756}.Debug|Any CPU.Build.0 = Debug|Any CPU
		{44DBB79B-CEF7-4D1C-8837-93F3423FF756}.Release|Any CPU.ActiveCfg = Release|Any CPU
		{44DBB79B-CEF7-4D1C-8837-93F3423FF756}.Release|Any CPU.Build.0 = Release|Any CPU
		{77CF7A41-AB48-4C13-916C-45CEA7DF0244}.Debug|Any CPU.ActiveCfg = Debug|Any CPU
		{77CF7A41-AB48-4C13-916C-45CEA7DF0244}.Debug|Any CPU.Build.0 = Debug|Any CPU
		{77CF7A41-AB48-4C13-916C-45CEA7DF0244}.Release|Any CPU.ActiveCfg = Release|Any CPU
		{77CF7A41-AB48-4C13-916C-45CEA7DF0244}.Release|Any CPU.Build.0 = Release|Any CPU
		{0323E5B2-9DBA-49A5-A5DE-3A0466DCC2A4}.Debug|Any CPU.ActiveCfg = Debug|Any CPU
		{0323E5B2-9DBA-49A5-A5DE-3A0466DCC2A4}.Debug|Any CPU.Build.0 = Debug|Any CPU
		{0323E5B2-9DBA-49A5-A5DE-3A0466DCC2A4}.Release|Any CPU.ActiveCfg = Release|Any CPU
		{0323E5B2-9DBA-49A5-A5DE-3A0466DCC2A4}.Release|Any CPU.Build.0 = Release|Any CPU
		{8B5977BF-14C6-4CE5-86EA-8A179BEBF7E6}.Debug|Any CPU.ActiveCfg = Debug|Any CPU
		{8B5977BF-14C6-4CE5-86EA-8A179BEBF7E6}.Debug|Any CPU.Build.0 = Debug|Any CPU
		{8B5977BF-14C6-4CE5-86EA-8A179BEBF7E6}.Release|Any CPU.ActiveCfg = Release|Any CPU
		{8B5977BF-14C6-4CE5-86EA-8A179BEBF7E6}.Release|Any CPU.Build.0 = Release|Any CPU
		{060040EA-9709-425B-82CD-39C7EA2B3EB1}.Debug|Any CPU.ActiveCfg = Debug|Any CPU
		{060040EA-9709-425B-82CD-39C7EA2B3EB1}.Debug|Any CPU.Build.0 = Debug|Any CPU
		{060040EA-9709-425B-82CD-39C7EA2B3EB1}.Release|Any CPU.ActiveCfg = Release|Any CPU
		{060040EA-9709-425B-82CD-39C7EA2B3EB1}.Release|Any CPU.Build.0 = Release|Any CPU
		{0C7BD77B-F4AF-4526-850F-B1BDCD2A91EC}.Debug|Any CPU.ActiveCfg = Debug|Any CPU
		{0C7BD77B-F4AF-4526-850F-B1BDCD2A91EC}.Debug|Any CPU.Build.0 = Debug|Any CPU
		{0C7BD77B-F4AF-4526-850F-B1BDCD2A91EC}.Release|Any CPU.ActiveCfg = Release|Any CPU
		{0C7BD77B-F4AF-4526-850F-B1BDCD2A91EC}.Release|Any CPU.Build.0 = Release|Any CPU
	EndGlobalSection
EndGlobal
