
Microsoft Visual Studio Solution File, Format Version 12.00
Project("{FAE04EC0-301F-11D3-BF4B-00C04F79EFBC}") = "EmpireOfSteel", "EmpireOfSteel\EmpireOfSteel.csproj", "{5B21785B-59FE-43E1-A0A6-7063F469AE82}"
EndProject
Project("{FAE04EC0-301F-11D3-BF4B-00C04F79EFBC}") = "Common", "Common\Common.csproj", "{9D9FC86A-7196-45DD-A726-E1AC557BECB5}"
EndProject
Project("{FAE04EC0-301F-11D3-BF4B-00C04F79EFBC}") = "CoreEmulator", "CoreEmulator\CoreEmulator.csproj", "{FC6CE6F8-F412-4C83-9231-C790CB949766}"
EndProject
Project("{FAE04EC0-301F-11D3-BF4B-00C04F79EFBC}") = "Kvm", "Kvm\Kvm.csproj", "{7B3DD5E8-E652-4578-9844-333089A44B46}"
EndProject
Global
	GlobalSection(SolutionConfigurationPlatforms) = preSolution
		Debug|Any CPU = Debug|Any CPU
		Release|Any CPU = Release|Any CPU
	EndGlobalSection
	GlobalSection(ProjectConfigurationPlatforms) = postSolution
		{5B21785B-59FE-43E1-A0A6-7063F469AE82}.Debug|Any CPU.ActiveCfg = Debug|Any CPU
		{5B21785B-59FE-43E1-A0A6-7063F469AE82}.Debug|Any CPU.Build.0 = Debug|Any CPU
		{5B21785B-59FE-43E1-A0A6-7063F469AE82}.Release|Any CPU.ActiveCfg = Release|Any CPU
		{5B21785B-59FE-43E1-A0A6-7063F469AE82}.Release|Any CPU.Build.0 = Release|Any CPU
		{9D9FC86A-7196-45DD-A726-E1AC557BECB5}.Debug|Any CPU.ActiveCfg = Debug|Any CPU
		{9D9FC86A-7196-45DD-A726-E1AC557BECB5}.Debug|Any CPU.Build.0 = Debug|Any CPU
		{9D9FC86A-7196-45DD-A726-E1AC557BECB5}.Release|Any CPU.ActiveCfg = Release|Any CPU
		{9D9FC86A-7196-45DD-A726-E1AC557BECB5}.Release|Any CPU.Build.0 = Release|Any CPU
		{FC6CE6F8-F412-4C83-9231-C790CB949766}.Debug|Any CPU.ActiveCfg = Debug|Any CPU
		{FC6CE6F8-F412-4C83-9231-C790CB949766}.Debug|Any CPU.Build.0 = Debug|Any CPU
		{FC6CE6F8-F412-4C83-9231-C790CB949766}.Release|Any CPU.ActiveCfg = Release|Any CPU
		{FC6CE6F8-F412-4C83-9231-C790CB949766}.Release|Any CPU.Build.0 = Release|Any CPU
		{7B3DD5E8-E652-4578-9844-333089A44B46}.Debug|Any CPU.ActiveCfg = Debug|Any CPU
		{7B3DD5E8-E652-4578-9844-333089A44B46}.Debug|Any CPU.Build.0 = Debug|Any CPU
		{7B3DD5E8-E652-4578-9844-333089A44B46}.Release|Any CPU.ActiveCfg = Release|Any CPU
		{7B3DD5E8-E652-4578-9844-333089A44B46}.Release|Any CPU.Build.0 = Release|Any CPU
	EndGlobalSection
EndGlobal
